// !$*UTF8*$!
{
	archiveVersion = 1;
	classes = {
	};
	objectVersion = 46;
	objects = {

/* Begin PBXBuildFile section */
		32CCB20118F9B4BD00E078B8 /* Foundation.framework in Frameworks */ = {isa = PBXBuildFile; fileRef = 32CCB20018F9B4BD00E078B8 /* Foundation.framework */; };
		32CCB20318F9B4BD00E078B8 /* CoreGraphics.framework in Frameworks */ = {isa = PBXBuildFile; fileRef = 32CCB20218F9B4BD00E078B8 /* CoreGraphics.framework */; };
		32CCB20518F9B4BD00E078B8 /* UIKit.framework in Frameworks */ = {isa = PBXBuildFile; fileRef = 32CCB20418F9B4BD00E078B8 /* UIKit.framework */; };
		32CCB20B18F9B4BD00E078B8 /* InfoPlist.strings in Resources */ = {isa = PBXBuildFile; fileRef = 32CCB20918F9B4BD00E078B8 /* InfoPlist.strings */; };
		32CCB20D18F9B4BD00E078B8 /* main.m in Sources */ = {isa = PBXBuildFile; fileRef = 32CCB20C18F9B4BD00E078B8 /* main.m */; };
		32CCB21118F9B4BD00E078B8 /* KSAppDelegate.m in Sources */ = {isa = PBXBuildFile; fileRef = 32CCB21018F9B4BD00E078B8 /* KSAppDelegate.m */; };
		32CCB21718F9B4BD00E078B8 /* KSViewController.m in Sources */ = {isa = PBXBuildFile; fileRef = 32CCB21618F9B4BD00E078B8 /* KSViewController.m */; };
		32CCB21918F9B4BD00E078B8 /* Images.xcassets in Resources */ = {isa = PBXBuildFile; fileRef = 32CCB21818F9B4BD00E078B8 /* Images.xcassets */; };
		32CCB22018F9B4BD00E078B8 /* XCTest.framework in Frameworks */ = {isa = PBXBuildFile; fileRef = 32CCB21F18F9B4BD00E078B8 /* XCTest.framework */; };
		32CCB22118F9B4BD00E078B8 /* Foundation.framework in Frameworks */ = {isa = PBXBuildFile; fileRef = 32CCB20018F9B4BD00E078B8 /* Foundation.framework */; };
		32CCB22218F9B4BD00E078B8 /* UIKit.framework in Frameworks */ = {isa = PBXBuildFile; fileRef = 32CCB20418F9B4BD00E078B8 /* UIKit.framework */; };
		32CCB22A18F9B4BD00E078B8 /* InfoPlist.strings in Resources */ = {isa = PBXBuildFile; fileRef = 32CCB22818F9B4BD00E078B8 /* InfoPlist.strings */; };
		32CCB22C18F9B4BD00E078B8 /* TableViewLikeDrawerTests.m in Sources */ = {isa = PBXBuildFile; fileRef = 32CCB22B18F9B4BD00E078B8 /* TableViewLikeDrawerTests.m */; };
		32CCB23918F9B4E800E078B8 /* KSCell.m in Sources */ = {isa = PBXBuildFile; fileRef = 32CCB23618F9B4E800E078B8 /* KSCell.m */; };
		32CCB23A18F9B4E800E078B8 /* KSSubTableViewController.m in Sources */ = {isa = PBXBuildFile; fileRef = 32CCB23818F9B4E800E078B8 /* KSSubTableViewController.m */; };
/* End PBXBuildFile section */

/* Begin PBXContainerItemProxy section */
		32CCB22318F9B4BD00E078B8 /* PBXContainerItemProxy */ = {
			isa = PBXContainerItemProxy;
			containerPortal = 32CCB1F518F9B4BD00E078B8 /* Project object */;
			proxyType = 1;
			remoteGlobalIDString = 32CCB1FC18F9B4BD00E078B8;
			remoteInfo = TableViewLikeDrawer;
		};
/* End PBXContainerItemProxy section */

/* Begin PBXFileReference section */
		32CCB1FD18F9B4BD00E078B8 /* TableViewLikeDrawer.app */ = {isa = PBXFileReference; explicitFileType = wrapper.application; includeInIndex = 0; path = TableViewLikeDrawer.app; sourceTree = BUILT_PRODUCTS_DIR; };
		32CCB20018F9B4BD00E078B8 /* Foundation.framework */ = {isa = PBXFileReference; lastKnownFileType = wrapper.framework; name = Foundation.framework; path = System/Library/Frameworks/Foundation.framework; sourceTree = SDKROOT; };
		32CCB20218F9B4BD00E078B8 /* CoreGraphics.framework */ = {isa = PBXFileReference; lastKnownFileType = wrapper.framework; name = CoreGraphics.framework; path = System/Library/Frameworks/CoreGraphics.framework; sourceTree = SDKROOT; };
		32CCB20418F9B4BD00E078B8 /* UIKit.framework */ = {isa = PBXFileReference; lastKnownFileType = wrapper.framework; name = UIKit.framework; path = System/Library/Frameworks/UIKit.framework; sourceTree = SDKROOT; };
		32CCB20818F9B4BD00E078B8 /* TableViewLikeDrawer-Info.plist */ = {isa = PBXFileReference; lastKnownFileType = text.plist.xml; path = "TableViewLikeDrawer-Info.plist"; sourceTree = "<group>"; };
		32CCB20A18F9B4BD00E078B8 /* en */ = {isa = PBXFileReference; lastKnownFileType = text.plist.strings; name = en; path = en.lproj/InfoPlist.strings; sourceTree = "<group>"; };
		32CCB20C18F9B4BD00E078B8 /* main.m */ = {isa = PBXFileReference; lastKnownFileType = sourcecode.c.objc; path = main.m; sourceTree = "<group>"; };
		32CCB20E18F9B4BD00E078B8 /* TableViewLikeDrawer-Prefix.pch */ = {isa = PBXFileReference; lastKnownFileType = sourcecode.c.h; path = "TableViewLikeDrawer-Prefix.pch"; sourceTree = "<group>"; };
		32CCB20F18F9B4BD00E078B8 /* KSAppDelegate.h */ = {isa = PBXFileReference; lastKnownFileType = sourcecode.c.h; path = KSAppDelegate.h; sourceTree = "<group>"; };
		32CCB21018F9B4BD00E078B8 /* KSAppDelegate.m */ = {isa = PBXFileReference; lastKnownFileType = sourcecode.c.objc; path = KSAppDelegate.m; sourceTree = "<group>"; };
		32CCB21518F9B4BD00E078B8 /* KSViewController.h */ = {isa = PBXFileReference; lastKnownFileType = sourcecode.c.h; path = KSViewController.h; sourceTree = "<group>"; };
		32CCB21618F9B4BD00E078B8 /* KSViewController.m */ = {isa = PBXFileReference; lastKnownFileType = sourcecode.c.objc; path = KSViewController.m; sourceTree = "<group>"; };
		32CCB21818F9B4BD00E078B8 /* Images.xcassets */ = {isa = PBXFileReference; lastKnownFileType = folder.assetcatalog; path = Images.xcassets; sourceTree = "<group>"; };
		32CCB21E18F9B4BD00E078B8 /* TableViewLikeDrawerTests.xctest */ = {isa = PBXFileReference; explicitFileType = wrapper.cfbundle; includeInIndex = 0; path = TableViewLikeDrawerTests.xctest; sourceTree = BUILT_PRODUCTS_DIR; };
		32CCB21F18F9B4BD00E078B8 /* XCTest.framework */ = {isa = PBXFileReference; lastKnownFileType = wrapper.framework; name = XCTest.framework; path = Library/Frameworks/XCTest.framework; sourceTree = DEVELOPER_DIR; };
		32CCB22718F9B4BD00E078B8 /* TableViewLikeDrawerTests-Info.plist */ = {isa = PBXFileReference; lastKnownFileType = text.plist.xml; path = "TableViewLikeDrawerTests-Info.plist"; sourceTree = "<group>"; };
		32CCB22918F9B4BD00E078B8 /* en */ = {isa = PBXFileReference; lastKnownFileType = text.plist.strings; name = en; path = en.lproj/InfoPlist.strings; sourceTree = "<group>"; };
		32CCB22B18F9B4BD00E078B8 /* TableViewLikeDrawerTests.m */ = {isa = PBXFileReference; lastKnownFileType = sourcecode.c.objc; path = TableViewLikeDrawerTests.m; sourceTree = "<group>"; };
		32CCB23518F9B4E800E078B8 /* KSCell.h */ = {isa = PBXFileReference; fileEncoding = 4; lastKnownFileType = sourcecode.c.h; path = KSCell.h; sourceTree = "<group>"; };
		32CCB23618F9B4E800E078B8 /* KSCell.m */ = {isa = PBXFileReference; fileEncoding = 4; lastKnownFileType = sourcecode.c.objc; path = KSCell.m; sourceTree = "<group>"; };
		32CCB23718F9B4E800E078B8 /* KSSubTableViewController.h */ = {isa = PBXFileReference; fileEncoding = 4; lastKnownFileType = sourcecode.c.h; path = KSSubTableViewController.h; sourceTree = "<group>"; };
		32CCB23818F9B4E800E078B8 /* KSSubTableViewController.m */ = {isa = PBXFileReference; fileEncoding = 4; lastKnownFileType = sourcecode.c.objc; path = KSSubTableViewController.m; sourceTree = "<group>"; };
/* End PBXFileReference section */

/* Begin PBXFrameworksBuildPhase section */
		32CCB1FA18F9B4BD00E078B8 /* Frameworks */ = {
			isa = PBXFrameworksBuildPhase;
			buildActionMask = 2147483647;
			files = (
				32CCB20318F9B4BD00E078B8 /* CoreGraphics.framework in Frameworks */,
				32CCB20518F9B4BD00E078B8 /* UIKit.framework in Frameworks */,
				32CCB20118F9B4BD00E078B8 /* Foundation.framework in Frameworks */,
			);
			runOnlyForDeploymentPostprocessing = 0;
		};
		32CCB21B18F9B4BD00E078B8 /* Frameworks */ = {
			isa = PBXFrameworksBuildPhase;
			buildActionMask = 2147483647;
			files = (
				32CCB22018F9B4BD00E078B8 /* XCTest.framework in Frameworks */,
				32CCB22218F9B4BD00E078B8 /* UIKit.framework in Frameworks */,
				32CCB22118F9B4BD00E078B8 /* Foundation.framework in Frameworks */,
			);
			runOnlyForDeploymentPostprocessing = 0;
		};
/* End PBXFrameworksBuildPhase section */

/* Begin PBXGroup section */
		32CCB1F418F9B4BD00E078B8 = {
			isa = PBXGroup;
			children = (
				32CCB20618F9B4BD00E078B8 /* TableViewLikeDrawer */,
				32CCB22518F9B4BD00E078B8 /* TableViewLikeDrawerTests */,
				32CCB1FF18F9B4BD00E078B8 /* Frameworks */,
				32CCB1FE18F9B4BD00E078B8 /* Products */,
			);
			sourceTree = "<group>";
		};
		32CCB1FE18F9B4BD00E078B8 /* Products */ = {
			isa = PBXGroup;
			children = (
				32CCB1FD18F9B4BD00E078B8 /* TableViewLikeDrawer.app */,
				32CCB21E18F9B4BD00E078B8 /* TableViewLikeDrawerTests.xctest */,
			);
			name = Products;
			sourceTree = "<group>";
		};
		32CCB1FF18F9B4BD00E078B8 /* Frameworks */ = {
			isa = PBXGroup;
			children = (
				32CCB20018F9B4BD00E078B8 /* Foundation.framework */,
				32CCB20218F9B4BD00E078B8 /* CoreGraphics.framework */,
				32CCB20418F9B4BD00E078B8 /* UIKit.framework */,
				32CCB21F18F9B4BD00E078B8 /* XCTest.framework */,
			);
			name = Frameworks;
			sourceTree = "<group>";
		};
		32CCB20618F9B4BD00E078B8 /* TableViewLikeDrawer */ = {
			isa = PBXGroup;
			children = (
				32CCB23518F9B4E800E078B8 /* KSCell.h */,
				32CCB23618F9B4E800E078B8 /* KSCell.m */,
				32CCB21518F9B4BD00E078B8 /* KSViewController.h */,
				32CCB21618F9B4BD00E078B8 /* KSViewController.m */,
				32CCB23718F9B4E800E078B8 /* KSSubTableViewController.h */,
				32CCB23818F9B4E800E078B8 /* KSSubTableViewController.m */,
				32CCB21818F9B4BD00E078B8 /* Images.xcassets */,
				32CCB20718F9B4BD00E078B8 /* Supporting Files */,
			);
			path = TableViewLikeDrawer;
			sourceTree = "<group>";
		};
		32CCB20718F9B4BD00E078B8 /* Supporting Files */ = {
			isa = PBXGroup;
			children = (
				32CCB20F18F9B4BD00E078B8 /* KSAppDelegate.h */,
				32CCB21018F9B4BD00E078B8 /* KSAppDelegate.m */,
				32CCB20818F9B4BD00E078B8 /* TableViewLikeDrawer-Info.plist */,
				32CCB20918F9B4BD00E078B8 /* InfoPlist.strings */,
				32CCB20C18F9B4BD00E078B8 /* main.m */,
				32CCB20E18F9B4BD00E078B8 /* TableViewLikeDrawer-Prefix.pch */,
			);
			name = "Supporting Files";
			sourceTree = "<group>";
		};
		32CCB22518F9B4BD00E078B8 /* TableViewLikeDrawerTests */ = {
			isa = PBXGroup;
			children = (
				32CCB22B18F9B4BD00E078B8 /* TableViewLikeDrawerTests.m */,
				32CCB22618F9B4BD00E078B8 /* Supporting Files */,
			);
			path = TableViewLikeDrawerTests;
			sourceTree = "<group>";
		};
		32CCB22618F9B4BD00E078B8 /* Supporting Files */ = {
			isa = PBXGroup;
			children = (
				32CCB22718F9B4BD00E078B8 /* TableViewLikeDrawerTests-Info.plist */,
				32CCB22818F9B4BD00E078B8 /* InfoPlist.strings */,
			);
			name = "Supporting Files";
			sourceTree = "<group>";
		};
/* End PBXGroup section */

/* Begin PBXNativeTarget section */
		32CCB1FC18F9B4BD00E078B8 /* TableViewLikeDrawer */ = {
			isa = PBXNativeTarget;
			buildConfigurationList = 32CCB22F18F9B4BD00E078B8 /* Build configuration list for PBXNativeTarget "TableViewLikeDrawer" */;
			buildPhases = (
				32CCB1F918F9B4BD00E078B8 /* Sources */,
				32CCB1FA18F9B4BD00E078B8 /* Frameworks */,
				32CCB1FB18F9B4BD00E078B8 /* Resources */,
			);
			buildRules = (
			);
			dependencies = (
			);
			name = TableViewLikeDrawer;
			productName = TableViewLikeDrawer;
			productReference = 32CCB1FD18F9B4BD00E078B8 /* TableViewLikeDrawer.app */;
			productType = "com.apple.product-type.application";
		};
		32CCB21D18F9B4BD00E078B8 /* TableViewLikeDrawerTests */ = {
			isa = PBXNativeTarget;
			buildConfigurationList = 32CCB23218F9B4BD00E078B8 /* Build configuration list for PBXNativeTarget "TableViewLikeDrawerTests" */;
			buildPhases = (
				32CCB21A18F9B4BD00E078B8 /* Sources */,
				32CCB21B18F9B4BD00E078B8 /* Frameworks */,
				32CCB21C18F9B4BD00E078B8 /* Resources */,
			);
			buildRules = (
			);
			dependencies = (
				32CCB22418F9B4BD00E078B8 /* PBXTargetDependency */,
			);
			name = TableViewLikeDrawerTests;
			productName = TableViewLikeDrawerTests;
			productReference = 32CCB21E18F9B4BD00E078B8 /* TableViewLikeDrawerTests.xctest */;
			productType = "com.apple.product-type.bundle.unit-test";
		};
/* End PBXNativeTarget section */

/* Begin PBXProject section */
		32CCB1F518F9B4BD00E078B8 /* Project object */ = {
			isa = PBXProject;
			attributes = {
				CLASSPREFIX = KS;
				LastUpgradeCheck = 0510;
				ORGANIZATIONNAME = blue;
				TargetAttributes = {
					32CCB21D18F9B4BD00E078B8 = {
						TestTargetID = 32CCB1FC18F9B4BD00E078B8;
					};
				};
			};
			buildConfigurationList = 32CCB1F818F9B4BD00E078B8 /* Build configuration list for PBXProject "TableViewLikeDrawer" */;
			compatibilityVersion = "Xcode 3.2";
			developmentRegion = English;
			hasScannedForEncodings = 0;
			knownRegions = (
				en,
				Base,
			);
			mainGroup = 32CCB1F418F9B4BD00E078B8;
			productRefGroup = 32CCB1FE18F9B4BD00E078B8 /* Products */;
			projectDirPath = "";
			projectRoot = "";
			targets = (
				32CCB1FC18F9B4BD00E078B8 /* TableViewLikeDrawer */,
				32CCB21D18F9B4BD00E078B8 /* TableViewLikeDrawerTests */,
			);
		};
/* End PBXProject section */

/* Begin PBXResourcesBuildPhase section */
		32CCB1FB18F9B4BD00E078B8 /* Resources */ = {
			isa = PBXResourcesBuildPhase;
			buildActionMask = 2147483647;
			files = (
				32CCB21918F9B4BD00E078B8 /* Images.xcassets in Resources */,
				32CCB20B18F9B4BD00E078B8 /* InfoPlist.strings in Resources */,
			);
			runOnlyForDeploymentPostprocessing = 0;
		};
		32CCB21C18F9B4BD00E078B8 /* Resources */ = {
			isa = PBXResourcesBuildPhase;
			buildActionMask = 2147483647;
			files = (
				32CCB22A18F9B4BD00E078B8 /* InfoPlist.strings in Resources */,
			);
			runOnlyForDeploymentPostprocessing = 0;
		};
/* End PBXResourcesBuildPhase section */

/* Begin PBXSourcesBuildPhase section */
		32CCB1F918F9B4BD00E078B8 /* Sources */ = {
			isa = PBXSourcesBuildPhase;
			buildActionMask = 2147483647;
			files = (
				32CCB23A18F9B4E800E078B8 /* KSSubTableViewController.m in Sources */,
				32CCB21718F9B4BD00E078B8 /* KSViewController.m in Sources */,
				32CCB23918F9B4E800E078B8 /* KSCell.m in Sources */,
				32CCB21118F9B4BD00E078B8 /* KSAppDelegate.m in Sources */,
				32CCB20D18F9B4BD00E078B8 /* main.m in Sources */,
			);
			runOnlyForDeploymentPostprocessing = 0;
		};
		32CCB21A18F9B4BD00E078B8 /* Sources */ = {
			isa = PBXSourcesBuildPhase;
			buildActionMask = 2147483647;
			files = (
				32CCB22C18F9B4BD00E078B8 /* TableViewLikeDrawerTests.m in Sources */,
			);
			runOnlyForDeploymentPostprocessing = 0;
		};
/* End PBXSourcesBuildPhase section */

/* Begin PBXTargetDependency section */
		32CCB22418F9B4BD00E078B8 /* PBXTargetDependency */ = {
			isa = PBXTargetDependency;
			target = 32CCB1FC18F9B4BD00E078B8 /* TableViewLikeDrawer */;
			targetProxy = 32CCB22318F9B4BD00E078B8 /* PBXContainerItemProxy */;
		};
/* End PBXTargetDependency section */

/* Begin PBXVariantGroup section */
		32CCB20918F9B4BD00E078B8 /* InfoPlist.strings */ = {
			isa = PBXVariantGroup;
			children = (
				32CCB20A18F9B4BD00E078B8 /* en */,
			);
			name = InfoPlist.strings;
			sourceTree = "<group>";
		};
		32CCB22818F9B4BD00E078B8 /* InfoPlist.strings */ = {
			isa = PBXVariantGroup;
			children = (
				32CCB22918F9B4BD00E078B8 /* en */,
			);
			name = InfoPlist.strings;
			sourceTree = "<group>";
		};
/* End PBXVariantGroup section */

/* Begin XCBuildConfiguration section */
		32CCB22D18F9B4BD00E078B8 /* Debug */ = {
			isa = XCBuildConfiguration;
			buildSettings = {
				ALWAYS_SEARCH_USER_PATHS = NO;
				CLANG_CXX_LANGUAGE_STANDARD = "gnu++0x";
				CLANG_CXX_LIBRARY = "libc++";
				CLANG_ENABLE_MODULES = YES;
				CLANG_ENABLE_OBJC_ARC = YES;
				CLANG_WARN_BOOL_CONVERSION = YES;
				CLANG_WARN_CONSTANT_CONVERSION = YES;
				CLANG_WARN_DIRECT_OBJC_ISA_USAGE = YES_ERROR;
				CLANG_WARN_EMPTY_BODY = YES;
				CLANG_WARN_ENUM_CONVERSION = YES;
				CLANG_WARN_INT_CONVERSION = YES;
				CLANG_WARN_OBJC_ROOT_CLASS = YES_ERROR;
				CLANG_WARN__DUPLICATE_METHOD_MATCH = YES;
				"CODE_SIGN_IDENTITY[sdk=iphoneos*]" = "iPhone Developer";
				COPY_PHASE_STRIP = NO;
				GCC_C_LANGUAGE_STANDARD = gnu99;
				GCC_DYNAMIC_NO_PIC = NO;
				GCC_OPTIMIZATION_LEVEL = 0;
				GCC_PREPROCESSOR_DEFINITIONS = (
					"DEBUG=1",
					"$(inherited)",
				);
				GCC_SYMBOLS_PRIVATE_EXTERN = NO;
				GCC_WARN_64_TO_32_BIT_CONVERSION = YES;
				GCC_WARN_ABOUT_RETURN_TYPE = YES_ERROR;
				GCC_WARN_UNDECLARED_SELECTOR = YES;
				GCC_WARN_UNINITIALIZED_AUTOS = YES_AGGRESSIVE;
				GCC_WARN_UNUSED_FUNCTION = YES;
				GCC_WARN_UNUSED_VARIABLE = YES;
				IPHONEOS_DEPLOYMENT_TARGET = 7.1;
				ONLY_ACTIVE_ARCH = YES;
				SDKROOT = iphoneos;
			};
			name = Debug;
		};
		32CCB22E18F9B4BD00E078B8 /* Release */ = {
			isa = XCBuildConfiguration;
			buildSettings = {
				ALWAYS_SEARCH_USER_PATHS = NO;
				CLANG_CXX_LANGUAGE_STANDARD = "gnu++0x";
				CLANG_CXX_LIBRARY = "libc++";
				CLANG_ENABLE_MODULES = YES;
				CLANG_ENABLE_OBJC_ARC = YES;
				CLANG_WARN_BOOL_CONVERSION = YES;
				CLANG_WARN_CONSTANT_CONVERSION = YES;
				CLANG_WARN_DIRECT_OBJC_ISA_USAGE = YES_ERROR;
				CLANG_WARN_EMPTY_BODY = YES;
				CLANG_WARN_ENUM_CONVERSION = YES;
				CLANG_WARN_INT_CONVERSION = YES;
				CLANG_WARN_OBJC_ROOT_CLASS = YES_ERROR;
				CLANG_WARN__DUPLICATE_METHOD_MATCH = YES;
				"CODE_SIGN_IDENTITY[sdk=iphoneos*]" = "iPhone Developer";
				COPY_PHASE_STRIP = YES;
				ENABLE_NS_ASSERTIONS = NO;
				GCC_C_LANGUAGE_STANDARD = gnu99;
				GCC_WARN_64_TO_32_BIT_CONVERSION = YES;
				GCC_WARN_ABOUT_RETURN_TYPE = YES_ERROR;
				GCC_WARN_UNDECLARED_SELECTOR = YES;
				GCC_WARN_UNINITIALIZED_AUTOS = YES_AGGRESSIVE;
				GCC_WARN_UNUSED_FUNCTION = YES;
				GCC_WARN_UNUSED_VARIABLE = YES;
				IPHONEOS_DEPLOYMENT_TARGET = 7.1;
				SDKROOT = iphoneos;
				VALIDATE_PRODUCT = YES;
			};
			name = Release;
		};
		32CCB23018F9B4BD00E078B8 /* Debug */ = {
			isa = XCBuildConfiguration;
			buildSettings = {
				ASSETCATALOG_COMPILER_APPICON_NAME = AppIcon;
				ASSETCATALOG_COMPILER_LAUNCHIMAGE_NAME = LaunchImage;
				GCC_PRECOMPILE_PREFIX_HEADER = YES;
				GCC_PREFIX_HEADER = "TableViewLikeDrawer/TableViewLikeDrawer-Prefix.pch";
				INFOPLIST_FILE = "TableViewLikeDrawer/TableViewLikeDrawer-Info.plist";
				PRODUCT_NAME = "$(TARGET_NAME)";
				WRAPPER_EXTENSION = app;
			};
			name = Debug;
		};
		32CCB23118F9B4BD00E078B8 /* Release */ = {
			isa = XCBuildConfiguration;
			buildSettings = {
				ASSETCATALOG_COMPILER_APPICON_NAME = AppIcon;
				ASSETCATALOG_COMPILER_LAUNCHIMAGE_NAME = LaunchImage;
				GCC_PRECOMPILE_PREFIX_HEADER = YES;
				GCC_PREFIX_HEADER = "TableViewLikeDrawer/TableViewLikeDrawer-Prefix.pch";
				INFOPLIST_FILE = "TableViewLikeDrawer/TableViewLikeDrawer-Info.plist";
				PRODUCT_NAME = "$(TARGET_NAME)";
				WRAPPER_EXTENSION = app;
			};
			name = Release;
		};
		32CCB23318F9B4BD00E078B8 /* Debug */ = {
			isa = XCBuildConfiguration;
			buildSettings = {
				BUNDLE_LOADER = "$(BUILT_PRODUCTS_DIR)/TableViewLikeDrawer.app/TableViewLikeDrawer";
				FRAMEWORK_SEARCH_PATHS = (
					"$(SDKROOT)/Developer/Library/Frameworks",
					"$(inherited)",
					"$(DEVELOPER_FRAMEWORKS_DIR)",
				);
				GCC_PRECOMPILE_PREFIX_HEADER = YES;
				GCC_PREFIX_HEADER = "TableViewLikeDrawer/TableViewLikeDrawer-Prefix.pch";
				GCC_PREPROCESSOR_DEFINITIONS = (
					"DEBUG=1",
					"$(inherited)",
				);
				INFOPLIST_FILE = "TableViewLikeDrawerTests/TableViewLikeDrawerTests-Info.plist";
				PRODUCT_NAME = "$(TARGET_NAME)";
				TEST_HOST = "$(BUNDLE_LOADER)";
				WRAPPER_EXTENSION = xctest;
			};
			name = Debug;
		};
		32CCB23418F9B4BD00E078B8 /* Release */ = {
			isa = XCBuildConfiguration;
			buildSettings = {
				BUNDLE_LOADER = "$(BUILT_PRODUCTS_DIR)/TableViewLikeDrawer.app/TableViewLikeDrawer";
				FRAMEWORK_SEARCH_PATHS = (
					"$(SDKROOT)/Developer/Library/Frameworks",
					"$(inherited)",
					"$(DEVELOPER_FRAMEWORKS_DIR)",
				);
				GCC_PRECOMPILE_PREFIX_HEADER = YES;
				GCC_PREFIX_HEADER = "TableViewLikeDrawer/TableViewLikeDrawer-Prefix.pch";
				INFOPLIST_FILE = "TableViewLikeDrawerTests/TableViewLikeDrawerTests-Info.plist";
				PRODUCT_NAME = "$(TARGET_NAME)";
				TEST_HOST = "$(BUNDLE_LOADER)";
				WRAPPER_EXTENSION = xctest;
			};
			name = Release;
		};
/* End XCBuildConfiguration section */

/* Begin XCConfigurationList section */
		32CCB1F818F9B4BD00E078B8 /* Build configuration list for PBXProject "TableViewLikeDrawer" */ = {
			isa = XCConfigurationList;
			buildConfigurations = (
				32CCB22D18F9B4BD00E078B8 /* Debug */,
				32CCB22E18F9B4BD00E078B8 /* Release */,
			);
			defaultConfigurationIsVisible = 0;
			defaultConfigurationName = Release;
		};
		32CCB22F18F9B4BD00E078B8 /* Build configuration list for PBXNativeTarget "TableViewLikeDrawer" */ = {
			isa = XCConfigurationList;
			buildConfigurations = (
				32CCB23018F9B4BD00E078B8 /* Debug */,
				32CCB23118F9B4BD00E078B8 /* Release */,
			);
			defaultConfigurationIsVisible = 0;
		};
		32CCB23218F9B4BD00E078B8 /* Build configuration list for PBXNativeTarget "TableViewLikeDrawerTests" */ = {
			isa = XCConfigurationList;
			buildConfigurations = (
				32CCB23318F9B4BD00E078B8 /* Debug */,
				32CCB23418F9B4BD00E078B8 /* Release */,
			);
			defaultConfigurationIsVisible = 0;
		};
/* End XCConfigurationList section */
	};
	rootObject = 32CCB1F518F9B4BD00E078B8 /* Project object */;
}
